
Microsoft Visual Studio Solution File, Format Version 12.00
# Visual Studio Version 18
VisualStudioVersion = 18.3.11222.16 d18.3
MinimumVisualStudioVersion = 10.0.40219.1
Project("{FAE04EC0-301F-11D3-BF4B-00C04F79EFBC}") = "meter-api", "meter-api\meter-api.csproj", "{DCD6487C-4314-4695-80E8-639D841F6FAE}"
EndProject
Project("{FAE04EC0-301F-11D3-BF4B-00C04F79EFBC}") = "meter-api.tests", "meter-api.tests\meter-api.tests.csproj", "{FF0BA674-C6BB-4A38-9538-19550D99FBA1}"
EndProject
Project("{2150E333-8FDC-42A3-9474-1A3956D46DE8}") = "Solution Items", "Solution Items", "{990F16FE-E6CE-4860-95E5-4EBAA4E4D237}"
	ProjectSection(SolutionItems) = preProject
		.editorconfig = .editorconfig
	EndProjectSection
EndProject
Global
	GlobalSection(SolutionConfigurationPlatforms) = preSolution
		Debug|Any CPU = Debug|Any CPU
		Release|Any CPU = Release|Any CPU
	EndGlobalSection
	GlobalSection(ProjectConfigurationPlatforms) = postSolution
		{DCD6487C-4314-4695-80E8-639D841F6FAE}.Debug|Any CPU.ActiveCfg = Debug|Any CPU
		{DCD6487C-4314-4695-80E8-639D841F6FAE}.Debug|Any CPU.Build.0 = Debug|Any CPU
		{DCD6487C-4314-4695-80E8-639D841F6FAE}.Release|Any CPU.ActiveCfg = Release|Any CPU
		{DCD6487C-4314-4695-80E8-639D841F6FAE}.Release|Any CPU.Build.0 = Release|Any CPU
		{FF0BA674-C6BB-4A38-9538-19550D99FBA1}.Debug|Any CPU.ActiveCfg = Debug|Any CPU
		{FF0BA674-C6BB-4A38-9538-19550D99FBA1}.Debug|Any CPU.Build.0 = Debug|Any CPU
		{FF0BA674-C6BB-4A38-9538-19550D99FBA1}.Release|Any CPU.ActiveCfg = Release|Any CPU
		{FF0BA674-C6BB-4A38-9538-19550D99FBA1}.Release|Any CPU.Build.0 = Release|Any CPU
	EndGlobalSection
	GlobalSection(SolutionProperties) = preSolution
		HideSolutionNode = FALSE
	EndGlobalSection
	GlobalSection(ExtensibilityGlobals) = postSolution
		SolutionGuid = {3B02BB75-8E52-4676-93D7-E87E741C466F}
	EndGlobalSection
EndGlobal
